// !$*UTF8*$!
{
	archiveVersion = 1;
	classes = {
	};
	objectVersion = 51;
	objects = {

/* Begin PBXBuildFile section */
		042AC57A23B8C99C0073DFCD /* AppDelegate.swift in Sources */ = {isa = PBXBuildFile; fileRef = 042AC57923B8C99C0073DFCD /* AppDelegate.swift */; };
		042AC57C23B8C99C0073DFCD /* SceneDelegate.swift in Sources */ = {isa = PBXBuildFile; fileRef = 042AC57B23B8C99C0073DFCD /* SceneDelegate.swift */; };
		042AC57E23B8C99C0073DFCD /* ViewController.swift in Sources */ = {isa = PBXBuildFile; fileRef = 042AC57D23B8C99C0073DFCD /* ViewController.swift */; };
		042AC58123B8C99C0073DFCD /* Main.storyboard in Resources */ = {isa = PBXBuildFile; fileRef = 042AC57F23B8C99C0073DFCD /* Main.storyboard */; };
		042AC58323B8C99F0073DFCD /* Assets.xcassets in Resources */ = {isa = PBXBuildFile; fileRef = 042AC58223B8C99F0073DFCD /* Assets.xcassets */; };
		042AC58623B8C99F0073DFCD /* LaunchScreen.storyboard in Resources */ = {isa = PBXBuildFile; fileRef = 042AC58423B8C99F0073DFCD /* LaunchScreen.storyboard */; };
		042AC59123B8C99F0073DFCD /* NearbyAirportTests.swift in Sources */ = {isa = PBXBuildFile; fileRef = 042AC59023B8C99F0073DFCD /* NearbyAirportTests.swift */; };
		042AC59C23B8C99F0073DFCD /* NearbyAirportUITests.swift in Sources */ = {isa = PBXBuildFile; fileRef = 042AC59B23B8C99F0073DFCD /* NearbyAirportUITests.swift */; };
		042AC5AB23B8CB4E0073DFCD /* Data.json in Resources */ = {isa = PBXBuildFile; fileRef = 042AC5AA23B8CB4E0073DFCD /* Data.json */; };
		042AC5AE23B8CC1C0073DFCD /* Constant.swift in Sources */ = {isa = PBXBuildFile; fileRef = 042AC5AD23B8CC1C0073DFCD /* Constant.swift */; };
		042AC5B023B8CC600073DFCD /* Utils.swift in Sources */ = {isa = PBXBuildFile; fileRef = 042AC5AF23B8CC600073DFCD /* Utils.swift */; };
		042AC5B323B8CCA60073DFCD /* LocationViewModel.swift in Sources */ = {isa = PBXBuildFile; fileRef = 042AC5B223B8CCA60073DFCD /* LocationViewModel.swift */; };
		042AC5BA23B8CD6B0073DFCD /* PointView.swift in Sources */ = {isa = PBXBuildFile; fileRef = 042AC5B923B8CD6B0073DFCD /* PointView.swift */; };
		042AC5BC23B8CD7E0073DFCD /* PointView.xib in Resources */ = {isa = PBXBuildFile; fileRef = 042AC5BB23B8CD7E0073DFCD /* PointView.xib */; };
		042AC5BE23B8CDA10073DFCD /* PointTableViewCell.swift in Sources */ = {isa = PBXBuildFile; fileRef = 042AC5BD23B8CDA10073DFCD /* PointTableViewCell.swift */; };
		042AC5C023B8CDB70073DFCD /* PointTableViewCell.xib in Resources */ = {isa = PBXBuildFile; fileRef = 042AC5BF23B8CDB70073DFCD /* PointTableViewCell.xib */; };
		042AC5C223B8CDEB0073DFCD /* PointProvider.swift in Sources */ = {isa = PBXBuildFile; fileRef = 042AC5C123B8CDEB0073DFCD /* PointProvider.swift */; };
		042AC5C423B8CE020073DFCD /* LocationManagerProvider.swift in Sources */ = {isa = PBXBuildFile; fileRef = 042AC5C323B8CE020073DFCD /* LocationManagerProvider.swift */; };
		042AC5C623B8CE160073DFCD /* MapProvider.swift in Sources */ = {isa = PBXBuildFile; fileRef = 042AC5C523B8CE160073DFCD /* MapProvider.swift */; };
		042AC5C823B8CE310073DFCD /* LocationModel.swift in Sources */ = {isa = PBXBuildFile; fileRef = 042AC5C723B8CE310073DFCD /* LocationModel.swift */; };
		3758DC80369AC6D6734D2E73 /* Pods_NearbyAirport.framework in Frameworks */ = {isa = PBXBuildFile; fileRef = 0318F3E4CEE2A23561F9FBB4 /* Pods_NearbyAirport.framework */; };
		7BCF8E51C77A69B37C515E34 /* Pods_NearbyAirport_NearbyAirportUITests.framework in Frameworks */ = {isa = PBXBuildFile; fileRef = 97DB22FC281AD9A7F7F72F60 /* Pods_NearbyAirport_NearbyAirportUITests.framework */; };
		EC9495624BB05B151CA3C7BD /* Pods_NearbyAirportTests.framework in Frameworks */ = {isa = PBXBuildFile; fileRef = 9588D209298C22B71F3E954D /* Pods_NearbyAirportTests.framework */; };
/* End PBXBuildFile section */

/* Begin PBXContainerItemProxy section */
		042AC58D23B8C99F0073DFCD /* PBXContainerItemProxy */ = {
			isa = PBXContainerItemProxy;
			containerPortal = 042AC56E23B8C99C0073DFCD /* Project object */;
			proxyType = 1;
			remoteGlobalIDString = 042AC57523B8C99C0073DFCD;
			remoteInfo = NearbyAirport;
		};
		042AC59823B8C99F0073DFCD /* PBXContainerItemProxy */ = {
			isa = PBXContainerItemProxy;
			containerPortal = 042AC56E23B8C99C0073DFCD /* Project object */;
			proxyType = 1;
			remoteGlobalIDString = 042AC57523B8C99C0073DFCD;
			remoteInfo = NearbyAirport;
		};
/* End PBXContainerItemProxy section */

/* Begin PBXFileReference section */
		0318F3E4CEE2A23561F9FBB4 /* Pods_NearbyAirport.framework */ = {isa = PBXFileReference; explicitFileType = wrapper.framework; includeInIndex = 0; path = Pods_NearbyAirport.framework; sourceTree = BUILT_PRODUCTS_DIR; };
		042AC57623B8C99C0073DFCD /* Nearby Airport.app */ = {isa = PBXFileReference; explicitFileType = wrapper.application; includeInIndex = 0; path = "Nearby Airport.app"; sourceTree = BUILT_PRODUCTS_DIR; };
		042AC57923B8C99C0073DFCD /* AppDelegate.swift */ = {isa = PBXFileReference; lastKnownFileType = sourcecode.swift; path = AppDelegate.swift; sourceTree = "<group>"; };
		042AC57B23B8C99C0073DFCD /* SceneDelegate.swift */ = {isa = PBXFileReference; lastKnownFileType = sourcecode.swift; path = SceneDelegate.swift; sourceTree = "<group>"; };
		042AC57D23B8C99C0073DFCD /* ViewController.swift */ = {isa = PBXFileReference; lastKnownFileType = sourcecode.swift; path = ViewController.swift; sourceTree = "<group>"; };
		042AC58023B8C99C0073DFCD /* Base */ = {isa = PBXFileReference; lastKnownFileType = file.storyboard; name = Base; path = Base.lproj/Main.storyboard; sourceTree = "<group>"; };
		042AC58223B8C99F0073DFCD /* Assets.xcassets */ = {isa = PBXFileReference; lastKnownFileType = folder.assetcatalog; path = Assets.xcassets; sourceTree = "<group>"; };
		042AC58523B8C99F0073DFCD /* Base */ = {isa = PBXFileReference; lastKnownFileType = file.storyboard; name = Base; path = Base.lproj/LaunchScreen.storyboard; sourceTree = "<group>"; };
		042AC58723B8C99F0073DFCD /* Info.plist */ = {isa = PBXFileReference; lastKnownFileType = text.plist.xml; path = Info.plist; sourceTree = "<group>"; };
		042AC58C23B8C99F0073DFCD /* NearbyAirportTests.xctest */ = {isa = PBXFileReference; explicitFileType = wrapper.cfbundle; includeInIndex = 0; path = NearbyAirportTests.xctest; sourceTree = BUILT_PRODUCTS_DIR; };
		042AC59023B8C99F0073DFCD /* NearbyAirportTests.swift */ = {isa = PBXFileReference; lastKnownFileType = sourcecode.swift; path = NearbyAirportTests.swift; sourceTree = "<group>"; };
		042AC59223B8C99F0073DFCD /* Info.plist */ = {isa = PBXFileReference; lastKnownFileType = text.plist.xml; path = Info.plist; sourceTree = "<group>"; };
		042AC59723B8C99F0073DFCD /* NearbyAirportUITests.xctest */ = {isa = PBXFileReference; explicitFileType = wrapper.cfbundle; includeInIndex = 0; path = NearbyAirportUITests.xctest; sourceTree = BUILT_PRODUCTS_DIR; };
		042AC59B23B8C99F0073DFCD /* NearbyAirportUITests.swift */ = {isa = PBXFileReference; lastKnownFileType = sourcecode.swift; path = NearbyAirportUITests.swift; sourceTree = "<group>"; };
		042AC59D23B8C99F0073DFCD /* Info.plist */ = {isa = PBXFileReference; lastKnownFileType = text.plist.xml; path = Info.plist; sourceTree = "<group>"; };
		042AC5AA23B8CB4E0073DFCD /* Data.json */ = {isa = PBXFileReference; fileEncoding = 4; lastKnownFileType = text.json; path = Data.json; sourceTree = "<group>"; };
		042AC5AD23B8CC1C0073DFCD /* Constant.swift */ = {isa = PBXFileReference; lastKnownFileType = sourcecode.swift; path = Constant.swift; sourceTree = "<group>"; };
		042AC5AF23B8CC600073DFCD /* Utils.swift */ = {isa = PBXFileReference; lastKnownFileType = sourcecode.swift; path = Utils.swift; sourceTree = "<group>"; };
		042AC5B223B8CCA60073DFCD /* LocationViewModel.swift */ = {isa = PBXFileReference; lastKnownFileType = sourcecode.swift; path = LocationViewModel.swift; sourceTree = "<group>"; };
		042AC5B923B8CD6B0073DFCD /* PointView.swift */ = {isa = PBXFileReference; lastKnownFileType = sourcecode.swift; path = PointView.swift; sourceTree = "<group>"; };
		042AC5BB23B8CD7E0073DFCD /* PointView.xib */ = {isa = PBXFileReference; lastKnownFileType = file.xib; path = PointView.xib; sourceTree = "<group>"; };
		042AC5BD23B8CDA10073DFCD /* PointTableViewCell.swift */ = {isa = PBXFileReference; lastKnownFileType = sourcecode.swift; path = PointTableViewCell.swift; sourceTree = "<group>"; };
		042AC5BF23B8CDB70073DFCD /* PointTableViewCell.xib */ = {isa = PBXFileReference; lastKnownFileType = file.xib; path = PointTableViewCell.xib; sourceTree = "<group>"; };
		042AC5C123B8CDEB0073DFCD /* PointProvider.swift */ = {isa = PBXFileReference; lastKnownFileType = sourcecode.swift; path = PointProvider.swift; sourceTree = "<group>"; };
		042AC5C323B8CE020073DFCD /* LocationManagerProvider.swift */ = {isa = PBXFileReference; lastKnownFileType = sourcecode.swift; path = LocationManagerProvider.swift; sourceTree = "<group>"; };
		042AC5C523B8CE160073DFCD /* MapProvider.swift */ = {isa = PBXFileReference; lastKnownFileType = sourcecode.swift; path = MapProvider.swift; sourceTree = "<group>"; };
		042AC5C723B8CE310073DFCD /* LocationModel.swift */ = {isa = PBXFileReference; lastKnownFileType = sourcecode.swift; path = LocationModel.swift; sourceTree = "<group>"; };
		3687F53ADE6A71D9B32EA40D /* Pods-NearbyAirport.debug.xcconfig */ = {isa = PBXFileReference; includeInIndex = 1; lastKnownFileType = text.xcconfig; name = "Pods-NearbyAirport.debug.xcconfig"; path = "Target Support Files/Pods-NearbyAirport/Pods-NearbyAirport.debug.xcconfig"; sourceTree = "<group>"; };
		6A000B92FB101629E425A687 /* Pods-NearbyAirport.release.xcconfig */ = {isa = PBXFileReference; includeInIndex = 1; lastKnownFileType = text.xcconfig; name = "Pods-NearbyAirport.release.xcconfig"; path = "Target Support Files/Pods-NearbyAirport/Pods-NearbyAirport.release.xcconfig"; sourceTree = "<group>"; };
		9588D209298C22B71F3E954D /* Pods_NearbyAirportTests.framework */ = {isa = PBXFileReference; explicitFileType = wrapper.framework; includeInIndex = 0; path = Pods_NearbyAirportTests.framework; sourceTree = BUILT_PRODUCTS_DIR; };
		97DB22FC281AD9A7F7F72F60 /* Pods_NearbyAirport_NearbyAirportUITests.framework */ = {isa = PBXFileReference; explicitFileType = wrapper.framework; includeInIndex = 0; path = Pods_NearbyAirport_NearbyAirportUITests.framework; sourceTree = BUILT_PRODUCTS_DIR; };
		B0750EF3ECBED82DE927FF5A /* Pods-NearbyAirport-NearbyAirportUITests.release.xcconfig */ = {isa = PBXFileReference; includeInIndex = 1; lastKnownFileType = text.xcconfig; name = "Pods-NearbyAirport-NearbyAirportUITests.release.xcconfig"; path = "Target Support Files/Pods-NearbyAirport-NearbyAirportUITests/Pods-NearbyAirport-NearbyAirportUITests.release.xcconfig"; sourceTree = "<group>"; };
		B0B2882BE0D5C8D0102C6320 /* Pods-NearbyAirport-NearbyAirportUITests.debug.xcconfig */ = {isa = PBXFileReference; includeInIndex = 1; lastKnownFileType = text.xcconfig; name = "Pods-NearbyAirport-NearbyAirportUITests.debug.xcconfig"; path = "Target Support Files/Pods-NearbyAirport-NearbyAirportUITests/Pods-NearbyAirport-NearbyAirportUITests.debug.xcconfig"; sourceTree = "<group>"; };
		CCB329B97828879E483019A3 /* Pods-NearbyAirportTests.debug.xcconfig */ = {isa = PBXFileReference; includeInIndex = 1; lastKnownFileType = text.xcconfig; name = "Pods-NearbyAirportTests.debug.xcconfig"; path = "Target Support Files/Pods-NearbyAirportTests/Pods-NearbyAirportTests.debug.xcconfig"; sourceTree = "<group>"; };
		CF1C7FD2E90F23DC91A357F8 /* Pods-NearbyAirportTests.release.xcconfig */ = {isa = PBXFileReference; includeInIndex = 1; lastKnownFileType = text.xcconfig; name = "Pods-NearbyAirportTests.release.xcconfig"; path = "Target Support Files/Pods-NearbyAirportTests/Pods-NearbyAirportTests.release.xcconfig"; sourceTree = "<group>"; };
/* End PBXFileReference section */

/* Begin PBXFrameworksBuildPhase section */
		042AC57323B8C99C0073DFCD /* Frameworks */ = {
			isa = PBXFrameworksBuildPhase;
			buildActionMask = 2147483647;
			files = (
				3758DC80369AC6D6734D2E73 /* Pods_NearbyAirport.framework in Frameworks */,
			);
			runOnlyForDeploymentPostprocessing = 0;
		};
		042AC58923B8C99F0073DFCD /* Frameworks */ = {
			isa = PBXFrameworksBuildPhase;
			buildActionMask = 2147483647;
			files = (
				EC9495624BB05B151CA3C7BD /* Pods_NearbyAirportTests.framework in Frameworks */,
			);
			runOnlyForDeploymentPostprocessing = 0;
		};
		042AC59423B8C99F0073DFCD /* Frameworks */ = {
			isa = PBXFrameworksBuildPhase;
			buildActionMask = 2147483647;
			files = (
				7BCF8E51C77A69B37C515E34 /* Pods_NearbyAirport_NearbyAirportUITests.framework in Frameworks */,
			);
			runOnlyForDeploymentPostprocessing = 0;
		};
/* End PBXFrameworksBuildPhase section */

/* Begin PBXGroup section */
		042AC56D23B8C99C0073DFCD = {
			isa = PBXGroup;
			children = (
				042AC57823B8C99C0073DFCD /* NearbyAirport */,
				042AC58F23B8C99F0073DFCD /* NearbyAirportTests */,
				042AC59A23B8C99F0073DFCD /* NearbyAirportUITests */,
				042AC57723B8C99C0073DFCD /* Products */,
				2C68FBBC19631405D93C0D53 /* Pods */,
				49E4828647ADBF65BD5FAF9B /* Frameworks */,
			);
			sourceTree = "<group>";
		};
		042AC57723B8C99C0073DFCD /* Products */ = {
			isa = PBXGroup;
			children = (
				042AC57623B8C99C0073DFCD /* Nearby Airport.app */,
				042AC58C23B8C99F0073DFCD /* NearbyAirportTests.xctest */,
				042AC59723B8C99F0073DFCD /* NearbyAirportUITests.xctest */,
			);
			name = Products;
			sourceTree = "<group>";
		};
		042AC57823B8C99C0073DFCD /* NearbyAirport */ = {
			isa = PBXGroup;
			children = (
				042AC5B623B8CCE50073DFCD /* Models */,
				042AC5B523B8CCD90073DFCD /* Providers */,
				042AC5B423B8CCCC0073DFCD /* Views */,
				042AC5B123B8CC730073DFCD /* ViewModels */,
				042AC5AC23B8CB670073DFCD /* Utilities */,
				042AC5A923B8CB2D0073DFCD /* Resources */,
				042AC57923B8C99C0073DFCD /* AppDelegate.swift */,
				042AC57B23B8C99C0073DFCD /* SceneDelegate.swift */,
				042AC57D23B8C99C0073DFCD /* ViewController.swift */,
				042AC57F23B8C99C0073DFCD /* Main.storyboard */,
				042AC58223B8C99F0073DFCD /* Assets.xcassets */,
				042AC58423B8C99F0073DFCD /* LaunchScreen.storyboard */,
				042AC58723B8C99F0073DFCD /* Info.plist */,
			);
			path = NearbyAirport;
			sourceTree = "<group>";
		};
		042AC58F23B8C99F0073DFCD /* NearbyAirportTests */ = {
			isa = PBXGroup;
			children = (
				042AC59023B8C99F0073DFCD /* NearbyAirportTests.swift */,
				042AC59223B8C99F0073DFCD /* Info.plist */,
			);
			path = NearbyAirportTests;
			sourceTree = "<group>";
		};
		042AC59A23B8C99F0073DFCD /* NearbyAirportUITests */ = {
			isa = PBXGroup;
			children = (
				042AC59B23B8C99F0073DFCD /* NearbyAirportUITests.swift */,
				042AC59D23B8C99F0073DFCD /* Info.plist */,
			);
			path = NearbyAirportUITests;
			sourceTree = "<group>";
		};
		042AC5A923B8CB2D0073DFCD /* Resources */ = {
			isa = PBXGroup;
			children = (
				042AC5AA23B8CB4E0073DFCD /* Data.json */,
			);
			path = Resources;
			sourceTree = "<group>";
		};
		042AC5AC23B8CB670073DFCD /* Utilities */ = {
			isa = PBXGroup;
			children = (
				042AC5AD23B8CC1C0073DFCD /* Constant.swift */,
				042AC5AF23B8CC600073DFCD /* Utils.swift */,
			);
			path = Utilities;
			sourceTree = "<group>";
		};
		042AC5B123B8CC730073DFCD /* ViewModels */ = {
			isa = PBXGroup;
			children = (
				042AC5B223B8CCA60073DFCD /* LocationViewModel.swift */,
			);
			path = ViewModels;
			sourceTree = "<group>";
		};
		042AC5B423B8CCCC0073DFCD /* Views */ = {
			isa = PBXGroup;
			children = (
				042AC5B923B8CD6B0073DFCD /* PointView.swift */,
				042AC5BB23B8CD7E0073DFCD /* PointView.xib */,
				042AC5BD23B8CDA10073DFCD /* PointTableViewCell.swift */,
				042AC5BF23B8CDB70073DFCD /* PointTableViewCell.xib */,
			);
			path = Views;
			sourceTree = "<group>";
		};
		042AC5B523B8CCD90073DFCD /* Providers */ = {
			isa = PBXGroup;
			children = (
				042AC5C123B8CDEB0073DFCD /* PointProvider.swift */,
				042AC5C323B8CE020073DFCD /* LocationManagerProvider.swift */,
				042AC5C523B8CE160073DFCD /* MapProvider.swift */,
			);
			path = Providers;
			sourceTree = "<group>";
		};
		042AC5B623B8CCE50073DFCD /* Models */ = {
			isa = PBXGroup;
			children = (
				042AC5C723B8CE310073DFCD /* LocationModel.swift */,
			);
			path = Models;
			sourceTree = "<group>";
		};
		2C68FBBC19631405D93C0D53 /* Pods */ = {
			isa = PBXGroup;
			children = (
				3687F53ADE6A71D9B32EA40D /* Pods-NearbyAirport.debug.xcconfig */,
				6A000B92FB101629E425A687 /* Pods-NearbyAirport.release.xcconfig */,
				B0B2882BE0D5C8D0102C6320 /* Pods-NearbyAirport-NearbyAirportUITests.debug.xcconfig */,
				B0750EF3ECBED82DE927FF5A /* Pods-NearbyAirport-NearbyAirportUITests.release.xcconfig */,
				CCB329B97828879E483019A3 /* Pods-NearbyAirportTests.debug.xcconfig */,
				CF1C7FD2E90F23DC91A357F8 /* Pods-NearbyAirportTests.release.xcconfig */,
			);
			path = Pods;
			sourceTree = "<group>";
		};
		49E4828647ADBF65BD5FAF9B /* Frameworks */ = {
			isa = PBXGroup;
			children = (
				0318F3E4CEE2A23561F9FBB4 /* Pods_NearbyAirport.framework */,
				97DB22FC281AD9A7F7F72F60 /* Pods_NearbyAirport_NearbyAirportUITests.framework */,
				9588D209298C22B71F3E954D /* Pods_NearbyAirportTests.framework */,
			);
			name = Frameworks;
			sourceTree = "<group>";
		};
/* End PBXGroup section */

/* Begin PBXNativeTarget section */
		042AC57523B8C99C0073DFCD /* NearbyAirport */ = {
			isa = PBXNativeTarget;
			buildConfigurationList = 042AC5A023B8C99F0073DFCD /* Build configuration list for PBXNativeTarget "NearbyAirport" */;
			buildPhases = (
				E9C33C07D82284848372A4AD /* [CP] Check Pods Manifest.lock */,
				042AC57223B8C99C0073DFCD /* Sources */,
				042AC57323B8C99C0073DFCD /* Frameworks */,
				042AC57423B8C99C0073DFCD /* Resources */,
				17D43513E5CF7060859556A3 /* [CP] Copy Pods Resources */,
			);
			buildRules = (
			);
			dependencies = (
			);
			name = NearbyAirport;
			productName = NearbyAirport;
			productReference = 042AC57623B8C99C0073DFCD /* Nearby Airport.app */;
			productType = "com.apple.product-type.application";
		};
		042AC58B23B8C99F0073DFCD /* NearbyAirportTests */ = {
			isa = PBXNativeTarget;
			buildConfigurationList = 042AC5A323B8C99F0073DFCD /* Build configuration list for PBXNativeTarget "NearbyAirportTests" */;
			buildPhases = (
				3F42943DCA140DE5C1C1B35A /* [CP] Check Pods Manifest.lock */,
				042AC58823B8C99F0073DFCD /* Sources */,
				042AC58923B8C99F0073DFCD /* Frameworks */,
				042AC58A23B8C99F0073DFCD /* Resources */,
			);
			buildRules = (
			);
			dependencies = (
				042AC58E23B8C99F0073DFCD /* PBXTargetDependency */,
			);
			name = NearbyAirportTests;
			productName = NearbyAirportTests;
			productReference = 042AC58C23B8C99F0073DFCD /* NearbyAirportTests.xctest */;
			productType = "com.apple.product-type.bundle.unit-test";
		};
		042AC59623B8C99F0073DFCD /* NearbyAirportUITests */ = {
			isa = PBXNativeTarget;
			buildConfigurationList = 042AC5A623B8C99F0073DFCD /* Build configuration list for PBXNativeTarget "NearbyAirportUITests" */;
			buildPhases = (
				3F959A16D7DC12008F0BC5A2 /* [CP] Check Pods Manifest.lock */,
				042AC59323B8C99F0073DFCD /* Sources */,
				042AC59423B8C99F0073DFCD /* Frameworks */,
				042AC59523B8C99F0073DFCD /* Resources */,
				E827165AA5D63668C7E85FD2 /* [CP] Copy Pods Resources */,
			);
			buildRules = (
			);
			dependencies = (
				042AC59923B8C99F0073DFCD /* PBXTargetDependency */,
			);
			name = NearbyAirportUITests;
			productName = NearbyAirportUITests;
			productReference = 042AC59723B8C99F0073DFCD /* NearbyAirportUITests.xctest */;
			productType = "com.apple.product-type.bundle.ui-testing";
		};
/* End PBXNativeTarget section */

/* Begin PBXProject section */
		042AC56E23B8C99C0073DFCD /* Project object */ = {
			isa = PBXProject;
			attributes = {
				LastSwiftUpdateCheck = 1130;
				LastUpgradeCheck = 1130;
				ORGANIZATIONNAME = "Wira Setiawan";
				TargetAttributes = {
					042AC57523B8C99C0073DFCD = {
						CreatedOnToolsVersion = 11.3;
					};
					042AC58B23B8C99F0073DFCD = {
						CreatedOnToolsVersion = 11.3;
						TestTargetID = 042AC57523B8C99C0073DFCD;
					};
					042AC59623B8C99F0073DFCD = {
						CreatedOnToolsVersion = 11.3;
						TestTargetID = 042AC57523B8C99C0073DFCD;
					};
				};
			};
			buildConfigurationList = 042AC57123B8C99C0073DFCD /* Build configuration list for PBXProject "NearbyAirport" */;
			compatibilityVersion = "Xcode 9.3";
			developmentRegion = en;
			hasScannedForEncodings = 0;
			knownRegions = (
				en,
				Base,
			);
			mainGroup = 042AC56D23B8C99C0073DFCD;
			productRefGroup = 042AC57723B8C99C0073DFCD /* Products */;
			projectDirPath = "";
			projectRoot = "";
			targets = (
				042AC57523B8C99C0073DFCD /* NearbyAirport */,
				042AC58B23B8C99F0073DFCD /* NearbyAirportTests */,
				042AC59623B8C99F0073DFCD /* NearbyAirportUITests */,
			);
		};
/* End PBXProject section */

/* Begin PBXResourcesBuildPhase section */
		042AC57423B8C99C0073DFCD /* Resources */ = {
			isa = PBXResourcesBuildPhase;
			buildActionMask = 2147483647;
			files = (
				042AC5C023B8CDB70073DFCD /* PointTableViewCell.xib in Resources */,
				042AC58623B8C99F0073DFCD /* LaunchScreen.storyboard in Resources */,
				042AC58323B8C99F0073DFCD /* Assets.xcassets in Resources */,
				042AC5BC23B8CD7E0073DFCD /* PointView.xib in Resources */,
				042AC58123B8C99C0073DFCD /* Main.storyboard in Resources */,
				042AC5AB23B8CB4E0073DFCD /* Data.json in Resources */,
			);
			runOnlyForDeploymentPostprocessing = 0;
		};
		042AC58A23B8C99F0073DFCD /* Resources */ = {
			isa = PBXResourcesBuildPhase;
			buildActionMask = 2147483647;
			files = (
			);
			runOnlyForDeploymentPostprocessing = 0;
		};
		042AC59523B8C99F0073DFCD /* Resources */ = {
			isa = PBXResourcesBuildPhase;
			buildActionMask = 2147483647;
			files = (
			);
			runOnlyForDeploymentPostprocessing = 0;
		};
/* End PBXResourcesBuildPhase section */

/* Begin PBXShellScriptBuildPhase section */
		17D43513E5CF7060859556A3 /* [CP] Copy Pods Resources */ = {
			isa = PBXShellScriptBuildPhase;
			buildActionMask = 2147483647;
			files = (
			);
			inputFileListPaths = (
				"${PODS_ROOT}/Target Support Files/Pods-NearbyAirport/Pods-NearbyAirport-resources-${CONFIGURATION}-input-files.xcfilelist",
			);
			name = "[CP] Copy Pods Resources";
			outputFileListPaths = (
				"${PODS_ROOT}/Target Support Files/Pods-NearbyAirport/Pods-NearbyAirport-resources-${CONFIGURATION}-output-files.xcfilelist",
			);
			runOnlyForDeploymentPostprocessing = 0;
			shellPath = /bin/sh;
			shellScript = "\"${PODS_ROOT}/Target Support Files/Pods-NearbyAirport/Pods-NearbyAirport-resources.sh\"\n";
			showEnvVarsInLog = 0;
		};
		3F42943DCA140DE5C1C1B35A /* [CP] Check Pods Manifest.lock */ = {
			isa = PBXShellScriptBuildPhase;
			buildActionMask = 2147483647;
			files = (
			);
			inputFileListPaths = (
			);
			inputPaths = (
				"${PODS_PODFILE_DIR_PATH}/Podfile.lock",
				"${PODS_ROOT}/Manifest.lock",
			);
			name = "[CP] Check Pods Manifest.lock";
			outputFileListPaths = (
			);
			outputPaths = (
				"$(DERIVED_FILE_DIR)/Pods-NearbyAirportTests-checkManifestLockResult.txt",
			);
			runOnlyForDeploymentPostprocessing = 0;
			shellPath = /bin/sh;
			shellScript = "diff \"${PODS_PODFILE_DIR_PATH}/Podfile.lock\" \"${PODS_ROOT}/Manifest.lock\" > /dev/null\nif [ $? != 0 ] ; then\n    # print error to STDERR\n    echo \"error: The sandbox is not in sync with the Podfile.lock. Run 'pod install' or update your CocoaPods installation.\" >&2\n    exit 1\nfi\n# This output is used by Xcode 'outputs' to avoid re-running this script phase.\necho \"SUCCESS\" > \"${SCRIPT_OUTPUT_FILE_0}\"\n";
			showEnvVarsInLog = 0;
		};
		3F959A16D7DC12008F0BC5A2 /* [CP] Check Pods Manifest.lock */ = {
			isa = PBXShellScriptBuildPhase;
			buildActionMask = 2147483647;
			files = (
			);
			inputFileListPaths = (
			);
			inputPaths = (
				"${PODS_PODFILE_DIR_PATH}/Podfile.lock",
				"${PODS_ROOT}/Manifest.lock",
			);
			name = "[CP] Check Pods Manifest.lock";
			outputFileListPaths = (
			);
			outputPaths = (
				"$(DERIVED_FILE_DIR)/Pods-NearbyAirport-NearbyAirportUITests-checkManifestLockResult.txt",
			);
			runOnlyForDeploymentPostprocessing = 0;
			shellPath = /bin/sh;
			shellScript = "diff \"${PODS_PODFILE_DIR_PATH}/Podfile.lock\" \"${PODS_ROOT}/Manifest.lock\" > /dev/null\nif [ $? != 0 ] ; then\n    # print error to STDERR\n    echo \"error: The sandbox is not in sync with the Podfile.lock. Run 'pod install' or update your CocoaPods installation.\" >&2\n    exit 1\nfi\n# This output is used by Xcode 'outputs' to avoid re-running this script phase.\necho \"SUCCESS\" > \"${SCRIPT_OUTPUT_FILE_0}\"\n";
			showEnvVarsInLog = 0;
		};
		E827165AA5D63668C7E85FD2 /* [CP] Copy Pods Resources */ = {
			isa = PBXShellScriptBuildPhase;
			buildActionMask = 2147483647;
			files = (
			);
			inputFileListPaths = (
				"${PODS_ROOT}/Target Support Files/Pods-NearbyAirport-NearbyAirportUITests/Pods-NearbyAirport-NearbyAirportUITests-resources-${CONFIGURATION}-input-files.xcfilelist",
			);
			name = "[CP] Copy Pods Resources";
			outputFileListPaths = (
				"${PODS_ROOT}/Target Support Files/Pods-NearbyAirport-NearbyAirportUITests/Pods-NearbyAirport-NearbyAirportUITests-resources-${CONFIGURATION}-output-files.xcfilelist",
			);
			runOnlyForDeploymentPostprocessing = 0;
			shellPath = /bin/sh;
			shellScript = "\"${PODS_ROOT}/Target Support Files/Pods-NearbyAirport-NearbyAirportUITests/Pods-NearbyAirport-NearbyAirportUITests-resources.sh\"\n";
			showEnvVarsInLog = 0;
		};
		E9C33C07D82284848372A4AD /* [CP] Check Pods Manifest.lock */ = {
			isa = PBXShellScriptBuildPhase;
			buildActionMask = 2147483647;
			files = (
			);
			inputFileListPaths = (
			);
			inputPaths = (
				"${PODS_PODFILE_DIR_PATH}/Podfile.lock",
				"${PODS_ROOT}/Manifest.lock",
			);
			name = "[CP] Check Pods Manifest.lock";
			outputFileListPaths = (
			);
			outputPaths = (
				"$(DERIVED_FILE_DIR)/Pods-NearbyAirport-checkManifestLockResult.txt",
			);
			runOnlyForDeploymentPostprocessing = 0;
			shellPath = /bin/sh;
			shellScript = "diff \"${PODS_PODFILE_DIR_PATH}/Podfile.lock\" \"${PODS_ROOT}/Manifest.lock\" > /dev/null\nif [ $? != 0 ] ; then\n    # print error to STDERR\n    echo \"error: The sandbox is not in sync with the Podfile.lock. Run 'pod install' or update your CocoaPods installation.\" >&2\n    exit 1\nfi\n# This output is used by Xcode 'outputs' to avoid re-running this script phase.\necho \"SUCCESS\" > \"${SCRIPT_OUTPUT_FILE_0}\"\n";
			showEnvVarsInLog = 0;
		};
/* End PBXShellScriptBuildPhase section */

/* Begin PBXSourcesBuildPhase section */
		042AC57223B8C99C0073DFCD /* Sources */ = {
			isa = PBXSourcesBuildPhase;
			buildActionMask = 2147483647;
			files = (
				042AC5BE23B8CDA10073DFCD /* PointTableViewCell.swift in Sources */,
				042AC5C423B8CE020073DFCD /* LocationManagerProvider.swift in Sources */,
				042AC5BA23B8CD6B0073DFCD /* PointView.swift in Sources */,
				042AC5C623B8CE160073DFCD /* MapProvider.swift in Sources */,
				042AC5C823B8CE310073DFCD /* LocationModel.swift in Sources */,
				042AC5C223B8CDEB0073DFCD /* PointProvider.swift in Sources */,
				042AC5B023B8CC600073DFCD /* Utils.swift in Sources */,
				042AC5B323B8CCA60073DFCD /* LocationViewModel.swift in Sources */,
				042AC57E23B8C99C0073DFCD /* ViewController.swift in Sources */,
				042AC57A23B8C99C0073DFCD /* AppDelegate.swift in Sources */,
				042AC57C23B8C99C0073DFCD /* SceneDelegate.swift in Sources */,
				042AC5AE23B8CC1C0073DFCD /* Constant.swift in Sources */,
			);
			runOnlyForDeploymentPostprocessing = 0;
		};
		042AC58823B8C99F0073DFCD /* Sources */ = {
			isa = PBXSourcesBuildPhase;
			buildActionMask = 2147483647;
			files = (
				042AC59123B8C99F0073DFCD /* NearbyAirportTests.swift in Sources */,
			);
			runOnlyForDeploymentPostprocessing = 0;
		};
		042AC59323B8C99F0073DFCD /* Sources */ = {
			isa = PBXSourcesBuildPhase;
			buildActionMask = 2147483647;
			files = (
				042AC59C23B8C99F0073DFCD /* NearbyAirportUITests.swift in Sources */,
			);
			runOnlyForDeploymentPostprocessing = 0;
		};
/* End PBXSourcesBuildPhase section */

/* Begin PBXTargetDependency section */
		042AC58E23B8C99F0073DFCD /* PBXTargetDependency */ = {
			isa = PBXTargetDependency;
			target = 042AC57523B8C99C0073DFCD /* NearbyAirport */;
			targetProxy = 042AC58D23B8C99F0073DFCD /* PBXContainerItemProxy */;
		};
		042AC59923B8C99F0073DFCD /* PBXTargetDependency */ = {
			isa = PBXTargetDependency;
			target = 042AC57523B8C99C0073DFCD /* NearbyAirport */;
			targetProxy = 042AC59823B8C99F0073DFCD /* PBXContainerItemProxy */;
		};
/* End PBXTargetDependency section */

/* Begin PBXVariantGroup section */
		042AC57F23B8C99C0073DFCD /* Main.storyboard */ = {
			isa = PBXVariantGroup;
			children = (
				042AC58023B8C99C0073DFCD /* Base */,
			);
			name = Main.storyboard;
			sourceTree = "<group>";
		};
		042AC58423B8C99F0073DFCD /* LaunchScreen.storyboard */ = {
			isa = PBXVariantGroup;
			children = (
				042AC58523B8C99F0073DFCD /* Base */,
			);
			name = LaunchScreen.storyboard;
			sourceTree = "<group>";
		};
/* End PBXVariantGroup section */

/* Begin XCBuildConfiguration section */
		042AC59E23B8C99F0073DFCD /* Debug */ = {
			isa = XCBuildConfiguration;
			buildSettings = {
				ALWAYS_SEARCH_USER_PATHS = NO;
				CLANG_ANALYZER_NONNULL = YES;
				CLANG_ANALYZER_NUMBER_OBJECT_CONVERSION = YES_AGGRESSIVE;
				CLANG_CXX_LANGUAGE_STANDARD = "gnu++14";
				CLANG_CXX_LIBRARY = "libc++";
				CLANG_ENABLE_MODULES = YES;
				CLANG_ENABLE_OBJC_ARC = YES;
				CLANG_ENABLE_OBJC_WEAK = YES;
				CLANG_WARN_BLOCK_CAPTURE_AUTORELEASING = YES;
				CLANG_WARN_BOOL_CONVERSION = YES;
				CLANG_WARN_COMMA = YES;
				CLANG_WARN_CONSTANT_CONVERSION = YES;
				CLANG_WARN_DEPRECATED_OBJC_IMPLEMENTATIONS = YES;
				CLANG_WARN_DIRECT_OBJC_ISA_USAGE = YES_ERROR;
				CLANG_WARN_DOCUMENTATION_COMMENTS = YES;
				CLANG_WARN_EMPTY_BODY = YES;
				CLANG_WARN_ENUM_CONVERSION = YES;
				CLANG_WARN_INFINITE_RECURSION = YES;
				CLANG_WARN_INT_CONVERSION = YES;
				CLANG_WARN_NON_LITERAL_NULL_CONVERSION = YES;
				CLANG_WARN_OBJC_IMPLICIT_RETAIN_SELF = YES;
				CLANG_WARN_OBJC_LITERAL_CONVERSION = YES;
				CLANG_WARN_OBJC_ROOT_CLASS = YES_ERROR;
				CLANG_WARN_RANGE_LOOP_ANALYSIS = YES;
				CLANG_WARN_STRICT_PROTOTYPES = YES;
				CLANG_WARN_SUSPICIOUS_MOVE = YES;
				CLANG_WARN_UNGUARDED_AVAILABILITY = YES_AGGRESSIVE;
				CLANG_WARN_UNREACHABLE_CODE = YES;
				CLANG_WARN__DUPLICATE_METHOD_MATCH = YES;
				COPY_PHASE_STRIP = NO;
				DEBUG_INFORMATION_FORMAT = dwarf;
				ENABLE_STRICT_OBJC_MSGSEND = YES;
				ENABLE_TESTABILITY = YES;
				GCC_C_LANGUAGE_STANDARD = gnu11;
				GCC_DYNAMIC_NO_PIC = NO;
				GCC_NO_COMMON_BLOCKS = YES;
				GCC_OPTIMIZATION_LEVEL = 0;
				GCC_PREPROCESSOR_DEFINITIONS = (
					"DEBUG=1",
					"$(inherited)",
				);
				GCC_WARN_64_TO_32_BIT_CONVERSION = YES;
				GCC_WARN_ABOUT_RETURN_TYPE = YES_ERROR;
				GCC_WARN_UNDECLARED_SELECTOR = YES;
				GCC_WARN_UNINITIALIZED_AUTOS = YES_AGGRESSIVE;
				GCC_WARN_UNUSED_FUNCTION = YES;
				GCC_WARN_UNUSED_VARIABLE = YES;
				IPHONEOS_DEPLOYMENT_TARGET = 13.2;
				MTL_ENABLE_DEBUG_INFO = INCLUDE_SOURCE;
				MTL_FAST_MATH = YES;
				ONLY_ACTIVE_ARCH = YES;
				SDKROOT = iphoneos;
				SWIFT_ACTIVE_COMPILATION_CONDITIONS = DEBUG;
				SWIFT_OPTIMIZATION_LEVEL = "-Onone";
			};
			name = Debug;
		};
		042AC59F23B8C99F0073DFCD /* Release */ = {
			isa = XCBuildConfiguration;
			buildSettings = {
				ALWAYS_SEARCH_USER_PATHS = NO;
				CLANG_ANALYZER_NONNULL = YES;
				CLANG_ANALYZER_NUMBER_OBJECT_CONVERSION = YES_AGGRESSIVE;
				CLANG_CXX_LANGUAGE_STANDARD = "gnu++14";
				CLANG_CXX_LIBRARY = "libc++";
				CLANG_ENABLE_MODULES = YES;
				CLANG_ENABLE_OBJC_ARC = YES;
				CLANG_ENABLE_OBJC_WEAK = YES;
				CLANG_WARN_BLOCK_CAPTURE_AUTORELEASING = YES;
				CLANG_WARN_BOOL_CONVERSION = YES;
				CLANG_WARN_COMMA = YES;
				CLANG_WARN_CONSTANT_CONVERSION = YES;
				CLANG_WARN_DEPRECATED_OBJC_IMPLEMENTATIONS = YES;
				CLANG_WARN_DIRECT_OBJC_ISA_USAGE = YES_ERROR;
				CLANG_WARN_DOCUMENTATION_COMMENTS = YES;
				CLANG_WARN_EMPTY_BODY = YES;
				CLANG_WARN_ENUM_CONVERSION = YES;
				CLANG_WARN_INFINITE_RECURSION = YES;
				CLANG_WARN_INT_CONVERSION = YES;
				CLANG_WARN_NON_LITERAL_NULL_CONVERSION = YES;
				CLANG_WARN_OBJC_IMPLICIT_RETAIN_SELF = YES;
				CLANG_WARN_OBJC_LITERAL_CONVERSION = YES;
				CLANG_WARN_OBJC_ROOT_CLASS = YES_ERROR;
				CLANG_WARN_RANGE_LOOP_ANALYSIS = YES;
				CLANG_WARN_STRICT_PROTOTYPES = YES;
				CLANG_WARN_SUSPICIOUS_MOVE = YES;
				CLANG_WARN_UNGUARDED_AVAILABILITY = YES_AGGRESSIVE;
				CLANG_WARN_UNREACHABLE_CODE = YES;
				CLANG_WARN__DUPLICATE_METHOD_MATCH = YES;
				COPY_PHASE_STRIP = NO;
				DEBUG_INFORMATION_FORMAT = "dwarf-with-dsym";
				ENABLE_NS_ASSERTIONS = NO;
				ENABLE_STRICT_OBJC_MSGSEND = YES;
				GCC_C_LANGUAGE_STANDARD = gnu11;
				GCC_NO_COMMON_BLOCKS = YES;
				GCC_WARN_64_TO_32_BIT_CONVERSION = YES;
				GCC_WARN_ABOUT_RETURN_TYPE = YES_ERROR;
				GCC_WARN_UNDECLARED_SELECTOR = YES;
				GCC_WARN_UNINITIALIZED_AUTOS = YES_AGGRESSIVE;
				GCC_WARN_UNUSED_FUNCTION = YES;
				GCC_WARN_UNUSED_VARIABLE = YES;
				IPHONEOS_DEPLOYMENT_TARGET = 13.2;
				MTL_ENABLE_DEBUG_INFO = NO;
				MTL_FAST_MATH = YES;
				SDKROOT = iphoneos;
				SWIFT_COMPILATION_MODE = wholemodule;
				SWIFT_OPTIMIZATION_LEVEL = "-O";
				VALIDATE_PRODUCT = YES;
			};
			name = Release;
		};
		042AC5A123B8C99F0073DFCD /* Debug */ = {
			isa = XCBuildConfiguration;
			baseConfigurationReference = 3687F53ADE6A71D9B32EA40D /* Pods-NearbyAirport.debug.xcconfig */;
			buildSettings = {
				ASSETCATALOG_COMPILER_APPICON_NAME = AppIcon;
				CODE_SIGN_STYLE = Automatic;
				DEVELOPMENT_TEAM = D4GP7SC749;
				INFOPLIST_FILE = NearbyAirport/Info.plist;
				LD_RUNPATH_SEARCH_PATHS = (
					"$(inherited)",
					"@executable_path/Frameworks",
				);
				PRODUCT_BUNDLE_IDENTIFIER = blog.wirasetiawan.NearbyAirport;
				PRODUCT_NAME = "Nearby Airport";
				SWIFT_VERSION = 5.0;
				TARGETED_DEVICE_FAMILY = "1,2";
			};
			name = Debug;
		};
		042AC5A223B8C99F0073DFCD /* Release */ = {
			isa = XCBuildConfiguration;
			baseConfigurationReference = 6A000B92FB101629E425A687 /* Pods-NearbyAirport.release.xcconfig */;
			buildSettings = {
				ASSETCATALOG_COMPILER_APPICON_NAME = AppIcon;
				CODE_SIGN_STYLE = Automatic;
				DEVELOPMENT_TEAM = D4GP7SC749;
				INFOPLIST_FILE = NearbyAirport/Info.plist;
				LD_RUNPATH_SEARCH_PATHS = (
					"$(inherited)",
					"@executable_path/Frameworks",
				);
				PRODUCT_BUNDLE_IDENTIFIER = blog.wirasetiawan.NearbyAirport;
				PRODUCT_NAME = "Nearby Airport";
				SWIFT_VERSION = 5.0;
				TARGETED_DEVICE_FAMILY = "1,2";
			};
			name = Release;
		};
		042AC5A423B8C99F0073DFCD /* Debug */ = {
			isa = XCBuildConfiguration;
			baseConfigurationReference = CCB329B97828879E483019A3 /* Pods-NearbyAirportTests.debug.xcconfig */;
			buildSettings = {
				ALWAYS_EMBED_SWIFT_STANDARD_LIBRARIES = YES;
				BUNDLE_LOADER = "$(TEST_HOST)";
				CODE_SIGN_STYLE = Automatic;
				DEVELOPMENT_TEAM = D4GP7SC749;
				INFOPLIST_FILE = NearbyAirportTests/Info.plist;
				IPHONEOS_DEPLOYMENT_TARGET = 13.2;
				LD_RUNPATH_SEARCH_PATHS = (
					"$(inherited)",
					"@executable_path/Frameworks",
					"@loader_path/Frameworks",
				);
				PRODUCT_BUNDLE_IDENTIFIER = blog.wirasetiawan.NearbyAirportTests;
				PRODUCT_NAME = "$(TARGET_NAME)";
				SWIFT_VERSION = 5.0;
				TARGETED_DEVICE_FAMILY = "1,2";
				TEST_HOST = "$(BUILT_PRODUCTS_DIR)/NearbyAirport.app/NearbyAirport";
			};
			name = Debug;
		};
		042AC5A523B8C99F0073DFCD /* Release */ = {
			isa = XCBuildConfiguration;
			baseConfigurationReference = CF1C7FD2E90F23DC91A357F8 /* Pods-NearbyAirportTests.release.xcconfig */;
			buildSettings = {
				ALWAYS_EMBED_SWIFT_STANDARD_LIBRARIES = YES;
				BUNDLE_LOADER = "$(TEST_HOST)";
				CODE_SIGN_STYLE = Automatic;
				DEVELOPMENT_TEAM = D4GP7SC749;
				INFOPLIST_FILE = NearbyAirportTests/Info.plist;
				IPHONEOS_DEPLOYMENT_TARGET = 13.2;
				LD_RUNPATH_SEARCH_PATHS = (
					"$(inherited)",
					"@executable_path/Frameworks",
					"@loader_path/Frameworks",
				);
				PRODUCT_BUNDLE_IDENTIFIER = blog.wirasetiawan.NearbyAirportTests;
				PRODUCT_NAME = "$(TARGET_NAME)";
				SWIFT_VERSION = 5.0;
				TARGETED_DEVICE_FAMILY = "1,2";
				TEST_HOST = "$(BUILT_PRODUCTS_DIR)/NearbyAirport.app/NearbyAirport";
			};
			name = Release;
		};
		042AC5A723B8C99F0073DFCD /* Debug */ = {
			isa = XCBuildConfiguration;
			baseConfigurationReference = B0B2882BE0D5C8D0102C6320 /* Pods-NearbyAirport-NearbyAirportUITests.debug.xcconfig */;
			buildSettings = {
				ALWAYS_EMBED_SWIFT_STANDARD_LIBRARIES = YES;
				CODE_SIGN_STYLE = Automatic;
				DEVELOPMENT_TEAM = D4GP7SC749;
				INFOPLIST_FILE = NearbyAirportUITests/Info.plist;
				LD_RUNPATH_SEARCH_PATHS = (
					"$(inherited)",
					"@executable_path/Frameworks",
					"@loader_path/Frameworks",
				);
				PRODUCT_BUNDLE_IDENTIFIER = blog.wirasetiawan.NearbyAirportUITests;
				PRODUCT_NAME = "$(TARGET_NAME)";
				SWIFT_VERSION = 5.0;
				TARGETED_DEVICE_FAMILY = "1,2";
				TEST_TARGET_NAME = NearbyAirport;
			};
			name = Debug;
		};
		042AC5A823B8C99F0073DFCD /* Release */ = {
			isa = XCBuildConfiguration;
			baseConfigurationReference = B0750EF3ECBED82DE927FF5A /* Pods-NearbyAirport-NearbyAirportUITests.release.xcconfig */;
			buildSettings = {
				ALWAYS_EMBED_SWIFT_STANDARD_LIBRARIES = YES;
				CODE_SIGN_STYLE = Automatic;
				DEVELOPMENT_TEAM = D4GP7SC749;
				INFOPLIST_FILE = NearbyAirportUITests/Info.plist;
				LD_RUNPATH_SEARCH_PATHS = (
					"$(inherited)",
					"@executable_path/Frameworks",
					"@loader_path/Frameworks",
				);
				PRODUCT_BUNDLE_IDENTIFIER = blog.wirasetiawan.NearbyAirportUITests;
				PRODUCT_NAME = "$(TARGET_NAME)";
				SWIFT_VERSION = 5.0;
				TARGETED_DEVICE_FAMILY = "1,2";
				TEST_TARGET_NAME = NearbyAirport;
			};
			name = Release;
		};
/* End XCBuildConfiguration section */

/* Begin XCConfigurationList section */
		042AC57123B8C99C0073DFCD /* Build configuration list for PBXProject "NearbyAirport" */ = {
			isa = XCConfigurationList;
			buildConfigurations = (
				042AC59E23B8C99F0073DFCD /* Debug */,
				042AC59F23B8C99F0073DFCD /* Release */,
			);
			defaultConfigurationIsVisible = 0;
			defaultConfigurationName = Release;
		};
		042AC5A023B8C99F0073DFCD /* Build configuration list for PBXNativeTarget "NearbyAirport" */ = {
			isa = XCConfigurationList;
			buildConfigurations = (
				042AC5A123B8C99F0073DFCD /* Debug */,
				042AC5A223B8C99F0073DFCD /* Release */,
			);
			defaultConfigurationIsVisible = 0;
			defaultConfigurationName = Release;
		};
		042AC5A323B8C99F0073DFCD /* Build configuration list for PBXNativeTarget "NearbyAirportTests" */ = {
			isa = XCConfigurationList;
			buildConfigurations = (
				042AC5A423B8C99F0073DFCD /* Debug */,
				042AC5A523B8C99F0073DFCD /* Release */,
			);
			defaultConfigurationIsVisible = 0;
			defaultConfigurationName = Release;
		};
		042AC5A623B8C99F0073DFCD /* Build configuration list for PBXNativeTarget "NearbyAirportUITests" */ = {
			isa = XCConfigurationList;
			buildConfigurations = (
				042AC5A723B8C99F0073DFCD /* Debug */,
				042AC5A823B8C99F0073DFCD /* Release */,
			);
			defaultConfigurationIsVisible = 0;
			defaultConfigurationName = Release;
		};
/* End XCConfigurationList section */
	};
	rootObject = 042AC56E23B8C99C0073DFCD /* Project object */;
}
